Microsoft Visual Studio Solution File, Format Version 12.00
# Visual Studio 2012
Project("{FAE04EC0-301F-11D3-BF4B-00C04F79EFBC}") = "Station Rusher", "Station Rusher.csproj", "{A03F58F1-74CB-41EA-850A-6E04D6B5F3AA}"
EndProject
Global
	GlobalSection(SolutionConfigurationPlatforms) = preSolution
	Debug|Any CPU = Debug|Any CPU
	ExportDebug|Any CPU = ExportDebug|Any CPU
	ExportRelease|Any CPU = ExportRelease|Any CPU
	EndGlobalSection
	GlobalSection(ProjectConfigurationPlatforms) = postSolution
		{A03F58F1-74CB-41EA-850A-6E04D6B5F3AA}.Debug|Any CPU.ActiveCfg = Debug|Any CPU
		{A03F58F1-74CB-41EA-850A-6E04D6B5F3AA}.Debug|Any CPU.Build.0 = Debug|Any CPU
		{A03F58F1-74CB-41EA-850A-6E04D6B5F3AA}.ExportDebug|Any CPU.ActiveCfg = ExportDebug|Any CPU
		{A03F58F1-74CB-41EA-850A-6E04D6B5F3AA}.ExportDebug|Any CPU.Build.0 = ExportDebug|Any CPU
		{A03F58F1-74CB-41EA-850A-6E04D6B5F3AA}.ExportRelease|Any CPU.ActiveCfg = ExportRelease|Any CPU
		{A03F58F1-74CB-41EA-850A-6E04D6B5F3AA}.ExportRelease|Any CPU.Build.0 = ExportRelease|Any CPU
	EndGlobalSection
EndGlobal
